
Microsoft Visual Studio Solution File, Format Version 12.00
# Visual Studio 15
Project("{FAE04EC0-301F-11D3-BF4B-00C04F79EFBC}") = "Baraboo", "Baraboo.csproj", "{F9CD62E0-1F5F-0FF1-FAAD-8F0564D3012D}"
EndProject
Project("{FAE04EC0-301F-11D3-BF4B-00C04F79EFBC}") = "Baraboo.Editor", "Baraboo.Editor.csproj", "{A7397331-67E6-2766-CE3C-F642A8069C47}"
EndProject
Global
	GlobalSection(SolutionConfigurationPlatforms) = preSolution
		Debug|Any CPU = Debug|Any CPU
		Release|Any CPU = Release|Any CPU
	EndGlobalSection
	GlobalSection(ProjectConfigurationPlatforms) = postSolution
		{F9CD62E0-1F5F-0FF1-FAAD-8F0564D3012D}.Debug|Any CPU.ActiveCfg = Debug|Any CPU
		{F9CD62E0-1F5F-0FF1-FAAD-8F0564D3012D}.Debug|Any CPU.Build.0 = Debug|Any CPU
		{F9CD62E0-1F5F-0FF1-FAAD-8F0564D3012D}.Release|Any CPU.ActiveCfg = Release|Any CPU
		{F9CD62E0-1F5F-0FF1-FAAD-8F0564D3012D}.Release|Any CPU.Build.0 = Release|Any CPU
		{A7397331-67E6-2766-CE3C-F642A8069C47}.Debug|Any CPU.ActiveCfg = Debug|Any CPU
		{A7397331-67E6-2766-CE3C-F642A8069C47}.Debug|Any CPU.Build.0 = Debug|Any CPU
		{A7397331-67E6-2766-CE3C-F642A8069C47}.Release|Any CPU.ActiveCfg = Release|Any CPU
		{A7397331-67E6-2766-CE3C-F642A8069C47}.Release|Any CPU.Build.0 = Release|Any CPU
	EndGlobalSection
	GlobalSection(SolutionProperties) = preSolution
		HideSolutionNode = FALSE
	EndGlobalSection
EndGlobal
